<?xml version="1.0" encoding="UTF-8" standalone="yes" ?>
<CodeBlocks_project_file>
	<FileVersion major="1" minor="6" />
	<Project>
		<Option title="SNIFFER" />
		<Option pch_mode="2" />
		<Option compiler="gcc" />
		<Build>
			<Target title="Debug">
				<Option output="bin/Debug/SNIFFER" prefix_auto="1" extension_auto="1" />
				<Option object_output="obj/Debug/" />
				<Option type="1" />
				<Option compiler="gcc" />
				<Compiler>
					<Add option="-g" />
					<Add directory="include" />
					<Add directory="../../../../../../../Program Files (x86)/CodeBlocks/ArchivosPcap/WpdPack/Include" />
				</Compiler>
				<ResourceCompiler>
					<Add directory="../../../../../../../Program Files (x86)/CodeBlocks/ArchivosPcap/WpdPack/Include" />
				</ResourceCompiler>
				<Linker>
					<Add library="../../../../../../../Program Files (x86)/CodeBlocks/ArchivosPcap/WpdPack/Lib/libpacket.a" />
					<Add library="../../../../../../../Program Files (x86)/CodeBlocks/ArchivosPcap/WpdPack/Lib/libwpcap.a" />
					<Add library="../../../../../../../Program Files (x86)/CodeBlocks/ArchivosPcap/WpdPack/Lib/Packet.lib" />
					<Add library="../../../../../../../Program Files (x86)/CodeBlocks/ArchivosPcap/WpdPack/Lib/wpcap.lib" />
					<Add library="../../../../../../../Program Files (x86)/CodeBlocks/ArchivosPcap/WpdPack/Lib/x64/Packet.lib" />
					<Add library="../../../../../../../Program Files (x86)/CodeBlocks/ArchivosPcap/WpdPack/Lib/x64/wpcap.lib" />
					<Add directory="../../../../../../../Program Files (x86)/CodeBlocks/ArchivosPcap/WpdPack/Include" />
				</Linker>
			</Target>
			<Target title="Release">
				<Option output="bin/Release/SNIFFER" prefix_auto="1" extension_auto="1" />
				<Option object_output="obj/Release/" />
				<Option type="1" />
				<Option compiler="gcc" />
				<Compiler>
					<Add option="-O2" />
					<Add directory="include" />
				</Compiler>
				<Linker>
					<Add option="-s" />
				</Linker>
			</Target>
		</Build>
		<Compiler>
			<Add option="-Wall" />
			<Add option="-fexceptions" />
		</Compiler>
		<Unit filename="include/Archivo.h" />
		<Unit filename="include/CabeceraEthernet.h" />
		<Unit filename="include/CabeceraIPv4.h" />
		<Unit filename="include/ICMPv4.h" />
		<Unit filename="include/PCAP_CLASS.h" />
		<Unit filename="include/cabeceraARP.h" />
		<Unit filename="include/cabeceraDNS.h" />
		<Unit filename="include/cabeceraICMPv6.h" />
		<Unit filename="include/cabeceraIPv6.h" />
		<Unit filename="include/cabeceraRARP.h" />
		<Unit filename="include/cabeceraTCP.h" />
		<Unit filename="include/cabeceraUDP.h" />
		<Unit filename="main.cpp" />
		<Unit filename="src/Archivo.cpp" />
		<Unit filename="src/CabeceraEthernet.cpp" />
		<Unit filename="src/CabeceraIPv4.cpp" />
		<Unit filename="src/ICMPv4.cpp" />
		<Unit filename="src/PCAP_CLASS.cpp" />
		<Unit filename="src/cabeceraARP.cpp" />
		<Unit filename="src/cabeceraDNS.cpp" />
		<Unit filename="src/cabeceraICMPv6.cpp" />
		<Unit filename="src/cabeceraIPv6.cpp" />
		<Unit filename="src/cabeceraRARP.cpp" />
		<Unit filename="src/cabeceraTCP.cpp" />
		<Unit filename="src/cabeceraUDP.cpp" />
		<Extensions>
			<code_completion />
			<envvars />
			<debugger />
			<lib_finder disable_auto="1" />
		</Extensions>
	</Project>
</CodeBlocks_project_file>
